<?xml version="1.0" encoding="utf-8"?>
<Project ToolsVersion="4.0" xmlns="http://schemas.microsoft.com/developer/msbuild/2003">
  <ItemGroup>
    <Filter Include="Исходные файлы">
      <UniqueIdentifier>{4FC737F1-C7A5-4376-A066-2A32D752A2FF}</UniqueIdentifier>
      <Extensions>cpp;c;cc;cxx;c++;cppm;ixx;def;odl;idl;hpj;bat;asm;asmx</Extensions>
    </Filter>
    <Filter Include="Файлы заголовков">
      <UniqueIdentifier>{93995380-89BD-4b04-88EB-625FBE52EBFB}</UniqueIdentifier>
      <Extensions>h;hh;hpp;hxx;h++;hm;inl;inc;ipp;xsd</Extensions>
    </Filter>
    <Filter Include="Файлы ресурсов">
      <UniqueIdentifier>{67DA6AB6-F800-4c08-8B7A-83BB121AAD01}</UniqueIdentifier>
      <Extensions>rc;ico;cur;bmp;dlg;rc2;rct;bin;rgs;gif;jpg;jpeg;jpe;resx;tiff;tif;png;wav;mfcribbon-ms</Extensions>
    </Filter>
    <Filter Include="Файлы заголовков\sideEffects">
      <UniqueIdentifier>{789c8054-5f40-4d25-86b9-aef71e89cc63}</UniqueIdentifier>
    </Filter>
    <Filter Include="Файлы заголовков\fighters">
      <UniqueIdentifier>{66f6bc03-2799-49ba-bf6f-3568b776a2cb}</UniqueIdentifier>
    </Filter>
    <Filter Include="Файлы заголовков\skills">
      <UniqueIdentifier>{603de89a-d709-40c9-9061-0e22fc717dae}</UniqueIdentifier>
    </Filter>
  </ItemGroup>
  <ItemGroup>
    <ClCompile Include="main.cpp">
      <Filter>Файлы ресурсов</Filter>
    </ClCompile>
  </ItemGroup>
  <ItemGroup>
    <ClInclude Include="Doomguy.hpp">
      <Filter>Файлы ресурсов</Filter>
    </ClInclude>
    <ClInclude Include="Session.hpp">
      <Filter>Файлы ресурсов</Filter>
    </ClInclude>
    <ClInclude Include="Player.hpp">
      <Filter>Файлы ресурсов</Filter>
    </ClInclude>
    <ClInclude Include="BlockType.hpp">
      <Filter>Файлы ресурсов</Filter>
    </ClInclude>
    <ClInclude Include="BattleManager.hpp">
      <Filter>Файлы ресурсов</Filter>
    </ClInclude>
    <ClInclude Include="DeathСlaw.hpp">
      <Filter>Файлы ресурсов</Filter>
    </ClInclude>
    <ClInclude Include="Ranger.hpp">
      <Filter>Файлы ресурсов</Filter>
    </ClInclude>
    <ClInclude Include="FighterBuilder.hpp">
      <Filter>Файлы заголовков</Filter>
    </ClInclude>
    <ClInclude Include="AbilityContract.hpp">
      <Filter>Файлы заголовков</Filter>
    </ClInclude>
    <ClInclude Include="Casador.hpp">
      <Filter>Файлы заголовков</Filter>
    </ClInclude>
    <ClInclude Include="SideEffect.hpp">
      <Filter>Файлы заголовков\sideEffects</Filter>
    </ClInclude>
    <ClInclude Include="Warrior.hpp">
      <Filter>Файлы заголовков\fighters</Filter>
    </ClInclude>
    <ClInclude Include="Fighter.hpp">
      <Filter>Файлы заголовков\fighters</Filter>
    </ClInclude>
    <ClInclude Include="SideEffectPoisoning.hpp">
      <Filter>Файлы заголовков\sideEffects</Filter>
    </ClInclude>
    <ClInclude Include="SkillContract.hpp">
      <Filter>Файлы заголовков\skills</Filter>
    </ClInclude>
    <ClInclude Include="SkillMage.hpp">
      <Filter>Файлы заголовков\skills</Filter>
    </ClInclude>
    <ClInclude Include="SkillMageJinx.hpp">
      <Filter>Файлы заголовков\skills</Filter>
    </ClInclude>
    <ClInclude Include="SkillWarrior.hpp">
      <Filter>Файлы заголовков\skills</Filter>
    </ClInclude>
  </ItemGroup>
</Project>